
Microsoft Visual Studio Solution File, Format Version 12.00
# Visual Studio Version 17
VisualStudioVersion = 17.4.33122.133
MinimumVisualStudioVersion = 10.0.40219.1
Project("{FAE04EC0-301F-11D3-BF4B-00C04F79EFBC}") = "EmailSendApp", "EmailSendApp\EmailSendApp.csproj", "{90C04582-8A7C-4923-A260-5D3ED92B248F}"
EndProject
Global
	GlobalSection(SolutionConfigurationPlatforms) = preSolution
		Debug|Any CPU = Debug|Any CPU
		Release|Any CPU = Release|Any CPU
	EndGlobalSection
	GlobalSection(ProjectConfigurationPlatforms) = postSolution
		{90C04582-8A7C-4923-A260-5D3ED92B248F}.Debug|Any CPU.ActiveCfg = Debug|Any CPU
		{90C04582-8A7C-4923-A260-5D3ED92B248F}.Debug|Any CPU.Build.0 = Debug|Any CPU
		{90C04582-8A7C-4923-A260-5D3ED92B248F}.Release|Any CPU.ActiveCfg = Release|Any CPU
		{90C04582-8A7C-4923-A260-5D3ED92B248F}.Release|Any CPU.Build.0 = Release|Any CPU
	EndGlobalSection
	GlobalSection(SolutionProperties) = preSolution
		HideSolutionNode = FALSE
	EndGlobalSection
	GlobalSection(ExtensibilityGlobals) = postSolution
		SolutionGuid = {F0DB9375-E369-4D07-8CDC-2DD1961CC3CD}
	EndGlobalSection
EndGlobal
